// !$*UTF8*$!
{
	archiveVersion = 1;
	classes = {
	};
	objectVersion = 77;
	objects = {

/* Begin PBXBuildFile section */
		8436427B2E195EA700E96F25 /* VoiceBoardKeyboard.appex in Embed Foundation Extensions */ = {isa = PBXBuildFile; fileRef = 843642742E195EA700E96F25 /* VoiceBoardKeyboard.appex */; settings = {ATTRIBUTES = (RemoveHeadersOnCopy, ); }; };
		843642832E195F3100E96F25 /* WhisperKit in Frameworks */ = {isa = PBXBuildFile; productRef = 843642822E195F3100E96F25 /* WhisperKit */; };
		843642852E195F3100E96F25 /* whisperkit-cli in Frameworks */ = {isa = PBXBuildFile; productRef = 843642842E195F3100E96F25 /* whisperkit-cli */; };
		8436428E2E196ADE00E96F25 /* TextDecoder.mlmodelc in Resources */ = {isa = PBXBuildFile; fileRef = 8436428C2E196ADE00E96F25 /* TextDecoder.mlmodelc */; };
		8436428F2E196ADE00E96F25 /* generation_config.json in Resources */ = {isa = PBXBuildFile; fileRef = 8436428A2E196ADE00E96F25 /* generation_config.json */; };
		843642902E196ADE00E96F25 /* config.json in Resources */ = {isa = PBXBuildFile; fileRef = 843642892E196ADE00E96F25 /* config.json */; };
		843642912E196ADE00E96F25 /* MelSpectrogram.mlmodelc in Resources */ = {isa = PBXBuildFile; fileRef = 8436428B2E196ADE00E96F25 /* MelSpectrogram.mlmodelc */; };
		843642922E196ADE00E96F25 /* AudioEncoder.mlmodelc in Resources */ = {isa = PBXBuildFile; fileRef = 843642882E196ADE00E96F25 /* AudioEncoder.mlmodelc */; };
		843642932E196ADE00E96F25 /* TextDecoder.mlmodelc in Resources */ = {isa = PBXBuildFile; fileRef = 8436428C2E196ADE00E96F25 /* TextDecoder.mlmodelc */; };
		843642942E196ADE00E96F25 /* generation_config.json in Resources */ = {isa = PBXBuildFile; fileRef = 8436428A2E196ADE00E96F25 /* generation_config.json */; };
		843642952E196ADE00E96F25 /* config.json in Resources */ = {isa = PBXBuildFile; fileRef = 843642892E196ADE00E96F25 /* config.json */; };
		843642962E196ADE00E96F25 /* MelSpectrogram.mlmodelc in Resources */ = {isa = PBXBuildFile; fileRef = 8436428B2E196ADE00E96F25 /* MelSpectrogram.mlmodelc */; };
		843642972E196ADE00E96F25 /* AudioEncoder.mlmodelc in Resources */ = {isa = PBXBuildFile; fileRef = 843642882E196ADE00E96F25 /* AudioEncoder.mlmodelc */; };
/* End PBXBuildFile section */

/* Begin PBXContainerItemProxy section */
		843642792E195EA700E96F25 /* PBXContainerItemProxy */ = {
			isa = PBXContainerItemProxy;
			containerPortal = 8436425A2E195E5B00E96F25 /* Project object */;
			proxyType = 1;
			remoteGlobalIDString = 843642732E195EA700E96F25;
			remoteInfo = VoiceBoardKeyboard;
		};
/* End PBXContainerItemProxy section */

/* Begin PBXCopyFilesBuildPhase section */
		843642802E195EA700E96F25 /* Embed Foundation Extensions */ = {
			isa = PBXCopyFilesBuildPhase;
			buildActionMask = 2147483647;
			dstPath = "";
			dstSubfolderSpec = 13;
			files = (
				8436427B2E195EA700E96F25 /* VoiceBoardKeyboard.appex in Embed Foundation Extensions */,
			);
			name = "Embed Foundation Extensions";
			runOnlyForDeploymentPostprocessing = 0;
		};
/* End PBXCopyFilesBuildPhase section */

/* Begin PBXFileReference section */
		843642622E195E5B00E96F25 /* VoiceBoard.app */ = {isa = PBXFileReference; explicitFileType = wrapper.application; includeInIndex = 0; path = VoiceBoard.app; sourceTree = BUILT_PRODUCTS_DIR; };
		843642742E195EA700E96F25 /* VoiceBoardKeyboard.appex */ = {isa = PBXFileReference; explicitFileType = "wrapper.app-extension"; includeInIndex = 0; path = VoiceBoardKeyboard.appex; sourceTree = BUILT_PRODUCTS_DIR; };
		843642882E196ADE00E96F25 /* AudioEncoder.mlmodelc */ = {isa = PBXFileReference; lastKnownFileType = wrapper; path = AudioEncoder.mlmodelc; sourceTree = "<group>"; };
		843642892E196ADE00E96F25 /* config.json */ = {isa = PBXFileReference; lastKnownFileType = text.json; path = config.json; sourceTree = "<group>"; };
		8436428A2E196ADE00E96F25 /* generation_config.json */ = {isa = PBXFileReference; lastKnownFileType = text.json; path = generation_config.json; sourceTree = "<group>"; };
		8436428B2E196ADE00E96F25 /* MelSpectrogram.mlmodelc */ = {isa = PBXFileReference; lastKnownFileType = wrapper; path = MelSpectrogram.mlmodelc; sourceTree = "<group>"; };
		8436428C2E196ADE00E96F25 /* TextDecoder.mlmodelc */ = {isa = PBXFileReference; lastKnownFileType = wrapper; path = TextDecoder.mlmodelc; sourceTree = "<group>"; };
/* End PBXFileReference section */

/* Begin PBXFileSystemSynchronizedBuildFileExceptionSet section */
		8436427C2E195EA700E96F25 /* Exceptions for "VoiceBoardKeyboard" folder in "VoiceBoardKeyboard" target */ = {
			isa = PBXFileSystemSynchronizedBuildFileExceptionSet;
			membershipExceptions = (
				Info.plist,
			);
			target = 843642732E195EA700E96F25 /* VoiceBoardKeyboard */;
		};
/* End PBXFileSystemSynchronizedBuildFileExceptionSet section */

/* Begin PBXFileSystemSynchronizedRootGroup section */
		843642642E195E5B00E96F25 /* VoiceBoard */ = {
			isa = PBXFileSystemSynchronizedRootGroup;
			path = VoiceBoard;
			sourceTree = "<group>";
		};
		843642752E195EA700E96F25 /* VoiceBoardKeyboard */ = {
			isa = PBXFileSystemSynchronizedRootGroup;
			exceptions = (
				8436427C2E195EA700E96F25 /* Exceptions for "VoiceBoardKeyboard" folder in "VoiceBoardKeyboard" target */,
			);
			path = VoiceBoardKeyboard;
			sourceTree = "<group>";
		};
/* End PBXFileSystemSynchronizedRootGroup section */

/* Begin PBXFrameworksBuildPhase section */
		8436425F2E195E5B00E96F25 /* Frameworks */ = {
			isa = PBXFrameworksBuildPhase;
			buildActionMask = 2147483647;
			files = (
			);
			runOnlyForDeploymentPostprocessing = 0;
		};
		843642712E195EA700E96F25 /* Frameworks */ = {
			isa = PBXFrameworksBuildPhase;
			buildActionMask = 2147483647;
			files = (
				843642832E195F3100E96F25 /* WhisperKit in Frameworks */,
				843642852E195F3100E96F25 /* whisperkit-cli in Frameworks */,
			);
			runOnlyForDeploymentPostprocessing = 0;
		};
/* End PBXFrameworksBuildPhase section */

/* Begin PBXGroup section */
		843642592E195E5B00E96F25 = {
			isa = PBXGroup;
			children = (
				843642642E195E5B00E96F25 /* VoiceBoard */,
				843642752E195EA700E96F25 /* VoiceBoardKeyboard */,
				843642632E195E5B00E96F25 /* Products */,
				8436428D2E196ADE00E96F25 /* distil-whisper_distil-large-v3 */,
			);
			sourceTree = "<group>";
		};
		843642632E195E5B00E96F25 /* Products */ = {
			isa = PBXGroup;
			children = (
				843642622E195E5B00E96F25 /* VoiceBoard.app */,
				843642742E195EA700E96F25 /* VoiceBoardKeyboard.appex */,
			);
			name = Products;
			sourceTree = "<group>";
		};
		8436428D2E196ADE00E96F25 /* distil-whisper_distil-large-v3 */ = {
			isa = PBXGroup;
			children = (
				843642882E196ADE00E96F25 /* AudioEncoder.mlmodelc */,
				843642892E196ADE00E96F25 /* config.json */,
				8436428A2E196ADE00E96F25 /* generation_config.json */,
				8436428B2E196ADE00E96F25 /* MelSpectrogram.mlmodelc */,
				8436428C2E196ADE00E96F25 /* TextDecoder.mlmodelc */,
			);
			path = "distil-whisper_distil-large-v3";
			sourceTree = "<group>";
		};
/* End PBXGroup section */

/* Begin PBXNativeTarget section */
		843642612E195E5B00E96F25 /* VoiceBoard */ = {
			isa = PBXNativeTarget;
			buildConfigurationList = 8436426D2E195E5E00E96F25 /* Build configuration list for PBXNativeTarget "VoiceBoard" */;
			buildPhases = (
				8436425E2E195E5B00E96F25 /* Sources */,
				8436425F2E195E5B00E96F25 /* Frameworks */,
				843642602E195E5B00E96F25 /* Resources */,
				843642802E195EA700E96F25 /* Embed Foundation Extensions */,
			);
			buildRules = (
			);
			dependencies = (
				8436427A2E195EA700E96F25 /* PBXTargetDependency */,
			);
			fileSystemSynchronizedGroups = (
				843642642E195E5B00E96F25 /* VoiceBoard */,
			);
			name = VoiceBoard;
			packageProductDependencies = (
			);
			productName = VoiceBoard;
			productReference = 843642622E195E5B00E96F25 /* VoiceBoard.app */;
			productType = "com.apple.product-type.application";
		};
		843642732E195EA700E96F25 /* VoiceBoardKeyboard */ = {
			isa = PBXNativeTarget;
			buildConfigurationList = 8436427D2E195EA700E96F25 /* Build configuration list for PBXNativeTarget "VoiceBoardKeyboard" */;
			buildPhases = (
				843642702E195EA700E96F25 /* Sources */,
				843642712E195EA700E96F25 /* Frameworks */,
				843642722E195EA700E96F25 /* Resources */,
			);
			buildRules = (
			);
			dependencies = (
			);
			fileSystemSynchronizedGroups = (
				843642752E195EA700E96F25 /* VoiceBoardKeyboard */,
			);
			name = VoiceBoardKeyboard;
			packageProductDependencies = (
				843642822E195F3100E96F25 /* WhisperKit */,
				843642842E195F3100E96F25 /* whisperkit-cli */,
			);
			productName = VoiceBoardKeyboard;
			productReference = 843642742E195EA700E96F25 /* VoiceBoardKeyboard.appex */;
			productType = "com.apple.product-type.app-extension";
		};
/* End PBXNativeTarget section */

/* Begin PBXProject section */
		8436425A2E195E5B00E96F25 /* Project object */ = {
			isa = PBXProject;
			attributes = {
				BuildIndependentTargetsInParallel = 1;
				LastSwiftUpdateCheck = 2600;
				LastUpgradeCheck = 2600;
				TargetAttributes = {
					843642612E195E5B00E96F25 = {
						CreatedOnToolsVersion = 26.0;
					};
					843642732E195EA700E96F25 = {
						CreatedOnToolsVersion = 26.0;
					};
				};
			};
			buildConfigurationList = 8436425D2E195E5B00E96F25 /* Build configuration list for PBXProject "VoiceBoard" */;
			developmentRegion = en;
			hasScannedForEncodings = 0;
			knownRegions = (
				en,
				Base,
			);
			mainGroup = 843642592E195E5B00E96F25;
			minimizedProjectReferenceProxies = 1;
			packageReferences = (
				843642812E195F3100E96F25 /* XCRemoteSwiftPackageReference "WhisperKit" */,
			);
			preferredProjectObjectVersion = 77;
			productRefGroup = 843642632E195E5B00E96F25 /* Products */;
			projectDirPath = "";
			projectRoot = "";
			targets = (
				843642612E195E5B00E96F25 /* VoiceBoard */,
				843642732E195EA700E96F25 /* VoiceBoardKeyboard */,
			);
		};
/* End PBXProject section */

/* Begin PBXResourcesBuildPhase section */
		843642602E195E5B00E96F25 /* Resources */ = {
			isa = PBXResourcesBuildPhase;
			buildActionMask = 2147483647;
			files = (
				843642932E196ADE00E96F25 /* TextDecoder.mlmodelc in Resources */,
				843642942E196ADE00E96F25 /* generation_config.json in Resources */,
				843642952E196ADE00E96F25 /* config.json in Resources */,
				843642962E196ADE00E96F25 /* MelSpectrogram.mlmodelc in Resources */,
				843642972E196ADE00E96F25 /* AudioEncoder.mlmodelc in Resources */,
			);
			runOnlyForDeploymentPostprocessing = 0;
		};
		843642722E195EA700E96F25 /* Resources */ = {
			isa = PBXResourcesBuildPhase;
			buildActionMask = 2147483647;
			files = (
				8436428E2E196ADE00E96F25 /* TextDecoder.mlmodelc in Resources */,
				8436428F2E196ADE00E96F25 /* generation_config.json in Resources */,
				843642902E196ADE00E96F25 /* config.json in Resources */,
				843642912E196ADE00E96F25 /* MelSpectrogram.mlmodelc in Resources */,
				843642922E196ADE00E96F25 /* AudioEncoder.mlmodelc in Resources */,
			);
			runOnlyForDeploymentPostprocessing = 0;
		};
/* End PBXResourcesBuildPhase section */

/* Begin PBXSourcesBuildPhase section */
		8436425E2E195E5B00E96F25 /* Sources */ = {
			isa = PBXSourcesBuildPhase;
			buildActionMask = 2147483647;
			files = (
			);
			runOnlyForDeploymentPostprocessing = 0;
		};
		843642702E195EA700E96F25 /* Sources */ = {
			isa = PBXSourcesBuildPhase;
			buildActionMask = 2147483647;
			files = (
			);
			runOnlyForDeploymentPostprocessing = 0;
		};
/* End PBXSourcesBuildPhase section */

/* Begin PBXTargetDependency section */
		8436427A2E195EA700E96F25 /* PBXTargetDependency */ = {
			isa = PBXTargetDependency;
			target = 843642732E195EA700E96F25 /* VoiceBoardKeyboard */;
			targetProxy = 843642792E195EA700E96F25 /* PBXContainerItemProxy */;
		};
/* End PBXTargetDependency section */

/* Begin XCBuildConfiguration section */
		8436426B2E195E5E00E96F25 /* Debug */ = {
			isa = XCBuildConfiguration;
			buildSettings = {
				ALWAYS_SEARCH_USER_PATHS = NO;
				ASSETCATALOG_COMPILER_GENERATE_SWIFT_ASSET_SYMBOL_EXTENSIONS = YES;
				CLANG_ANALYZER_NONNULL = YES;
				CLANG_ANALYZER_NUMBER_OBJECT_CONVERSION = YES_AGGRESSIVE;
				CLANG_CXX_LANGUAGE_STANDARD = "gnu++20";
				CLANG_ENABLE_MODULES = YES;
				CLANG_ENABLE_OBJC_ARC = YES;
				CLANG_ENABLE_OBJC_WEAK = YES;
				CLANG_WARN_BLOCK_CAPTURE_AUTORELEASING = YES;
				CLANG_WARN_BOOL_CONVERSION = YES;
				CLANG_WARN_COMMA = YES;
				CLANG_WARN_CONSTANT_CONVERSION = YES;
				CLANG_WARN_DEPRECATED_OBJC_IMPLEMENTATIONS = YES;
				CLANG_WARN_DIRECT_OBJC_ISA_USAGE = YES_ERROR;
				CLANG_WARN_DOCUMENTATION_COMMENTS = YES;
				CLANG_WARN_EMPTY_BODY = YES;
				CLANG_WARN_ENUM_CONVERSION = YES;
				CLANG_WARN_INFINITE_RECURSION = YES;
				CLANG_WARN_INT_CONVERSION = YES;
				CLANG_WARN_NON_LITERAL_NULL_CONVERSION = YES;
				CLANG_WARN_OBJC_IMPLICIT_RETAIN_SELF = YES;
				CLANG_WARN_OBJC_LITERAL_CONVERSION = YES;
				CLANG_WARN_OBJC_ROOT_CLASS = YES_ERROR;
				CLANG_WARN_QUOTED_INCLUDE_IN_FRAMEWORK_HEADER = YES;
				CLANG_WARN_RANGE_LOOP_ANALYSIS = YES;
				CLANG_WARN_STRICT_PROTOTYPES = YES;
				CLANG_WARN_SUSPICIOUS_MOVE = YES;
				CLANG_WARN_UNGUARDED_AVAILABILITY = YES_AGGRESSIVE;
				CLANG_WARN_UNREACHABLE_CODE = YES;
				CLANG_WARN__DUPLICATE_METHOD_MATCH = YES;
				COPY_PHASE_STRIP = NO;
				DEBUG_INFORMATION_FORMAT = dwarf;
				DEVELOPMENT_TEAM = 5B6FAS2XK6;
				ENABLE_STRICT_OBJC_MSGSEND = YES;
				ENABLE_TESTABILITY = YES;
				ENABLE_USER_SCRIPT_SANDBOXING = YES;
				GCC_C_LANGUAGE_STANDARD = gnu17;
				GCC_DYNAMIC_NO_PIC = NO;
				GCC_NO_COMMON_BLOCKS = YES;
				GCC_OPTIMIZATION_LEVEL = 0;
				GCC_PREPROCESSOR_DEFINITIONS = (
					"DEBUG=1",
					"$(inherited)",
				);
				GCC_WARN_64_TO_32_BIT_CONVERSION = YES;
				GCC_WARN_ABOUT_RETURN_TYPE = YES_ERROR;
				GCC_WARN_UNDECLARED_SELECTOR = YES;
				GCC_WARN_UNINITIALIZED_AUTOS = YES_AGGRESSIVE;
				GCC_WARN_UNUSED_FUNCTION = YES;
				GCC_WARN_UNUSED_VARIABLE = YES;
				IPHONEOS_DEPLOYMENT_TARGET = 26.0;
				LOCALIZATION_PREFERS_STRING_CATALOGS = YES;
				MTL_ENABLE_DEBUG_INFO = INCLUDE_SOURCE;
				MTL_FAST_MATH = YES;
				ONLY_ACTIVE_ARCH = YES;
				SDKROOT = iphoneos;
				SWIFT_ACTIVE_COMPILATION_CONDITIONS = "DEBUG $(inherited)";
				SWIFT_OPTIMIZATION_LEVEL = "-Onone";
			};
			name = Debug;
		};
		8436426C2E195E5E00E96F25 /* Release */ = {
			isa = XCBuildConfiguration;
			buildSettings = {
				ALWAYS_SEARCH_USER_PATHS = NO;
				ASSETCATALOG_COMPILER_GENERATE_SWIFT_ASSET_SYMBOL_EXTENSIONS = YES;
				CLANG_ANALYZER_NONNULL = YES;
				CLANG_ANALYZER_NUMBER_OBJECT_CONVERSION = YES_AGGRESSIVE;
				CLANG_CXX_LANGUAGE_STANDARD = "gnu++20";
				CLANG_ENABLE_MODULES = YES;
				CLANG_ENABLE_OBJC_ARC = YES;
				CLANG_ENABLE_OBJC_WEAK = YES;
				CLANG_WARN_BLOCK_CAPTURE_AUTORELEASING = YES;
				CLANG_WARN_BOOL_CONVERSION = YES;
				CLANG_WARN_COMMA = YES;
				CLANG_WARN_CONSTANT_CONVERSION = YES;
				CLANG_WARN_DEPRECATED_OBJC_IMPLEMENTATIONS = YES;
				CLANG_WARN_DIRECT_OBJC_ISA_USAGE = YES_ERROR;
				CLANG_WARN_DOCUMENTATION_COMMENTS = YES;
				CLANG_WARN_EMPTY_BODY = YES;
				CLANG_WARN_ENUM_CONVERSION = YES;
				CLANG_WARN_INFINITE_RECURSION = YES;
				CLANG_WARN_INT_CONVERSION = YES;
				CLANG_WARN_NON_LITERAL_NULL_CONVERSION = YES;
				CLANG_WARN_OBJC_IMPLICIT_RETAIN_SELF = YES;
				CLANG_WARN_OBJC_LITERAL_CONVERSION = YES;
				CLANG_WARN_OBJC_ROOT_CLASS = YES_ERROR;
				CLANG_WARN_QUOTED_INCLUDE_IN_FRAMEWORK_HEADER = YES;
				CLANG_WARN_RANGE_LOOP_ANALYSIS = YES;
				CLANG_WARN_STRICT_PROTOTYPES = YES;
				CLANG_WARN_SUSPICIOUS_MOVE = YES;
				CLANG_WARN_UNGUARDED_AVAILABILITY = YES_AGGRESSIVE;
				CLANG_WARN_UNREACHABLE_CODE = YES;
				CLANG_WARN__DUPLICATE_METHOD_MATCH = YES;
				COPY_PHASE_STRIP = NO;
				DEBUG_INFORMATION_FORMAT = "dwarf-with-dsym";
				DEVELOPMENT_TEAM = 5B6FAS2XK6;
				ENABLE_NS_ASSERTIONS = NO;
				ENABLE_STRICT_OBJC_MSGSEND = YES;
				ENABLE_USER_SCRIPT_SANDBOXING = YES;
				GCC_C_LANGUAGE_STANDARD = gnu17;
				GCC_NO_COMMON_BLOCKS = YES;
				GCC_WARN_64_TO_32_BIT_CONVERSION = YES;
				GCC_WARN_ABOUT_RETURN_TYPE = YES_ERROR;
				GCC_WARN_UNDECLARED_SELECTOR = YES;
				GCC_WARN_UNINITIALIZED_AUTOS = YES_AGGRESSIVE;
				GCC_WARN_UNUSED_FUNCTION = YES;
				GCC_WARN_UNUSED_VARIABLE = YES;
				IPHONEOS_DEPLOYMENT_TARGET = 26.0;
				LOCALIZATION_PREFERS_STRING_CATALOGS = YES;
				MTL_ENABLE_DEBUG_INFO = NO;
				MTL_FAST_MATH = YES;
				SDKROOT = iphoneos;
				SWIFT_COMPILATION_MODE = wholemodule;
				VALIDATE_PRODUCT = YES;
			};
			name = Release;
		};
		8436426E2E195E5E00E96F25 /* Debug */ = {
			isa = XCBuildConfiguration;
			buildSettings = {
				ASSETCATALOG_COMPILER_APPICON_NAME = AppIcon;
				ASSETCATALOG_COMPILER_GLOBAL_ACCENT_COLOR_NAME = AccentColor;
				CODE_SIGN_STYLE = Automatic;
				CURRENT_PROJECT_VERSION = 1;
				DEVELOPMENT_TEAM = 5B6FAS2XK6;
				ENABLE_PREVIEWS = YES;
				GENERATE_INFOPLIST_FILE = YES;
				INFOPLIST_KEY_UIApplicationSceneManifest_Generation = YES;
				INFOPLIST_KEY_UIApplicationSupportsIndirectInputEvents = YES;
				INFOPLIST_KEY_UILaunchScreen_Generation = YES;
				INFOPLIST_KEY_UISupportedInterfaceOrientations_iPad = "UIInterfaceOrientationPortrait UIInterfaceOrientationPortraitUpsideDown UIInterfaceOrientationLandscapeLeft UIInterfaceOrientationLandscapeRight";
				INFOPLIST_KEY_UISupportedInterfaceOrientations_iPhone = "UIInterfaceOrientationPortrait UIInterfaceOrientationLandscapeLeft UIInterfaceOrientationLandscapeRight";
				LD_RUNPATH_SEARCH_PATHS = (
					"$(inherited)",
					"@executable_path/Frameworks",
				);
				MARKETING_VERSION = 1.0;
				PRODUCT_BUNDLE_IDENTIFIER = Rich.VoiceBoard;
				PRODUCT_NAME = "$(TARGET_NAME)";
				STRING_CATALOG_GENERATE_SYMBOLS = YES;
				SWIFT_DEFAULT_ACTOR_ISOLATION = MainActor;
				SWIFT_EMIT_LOC_STRINGS = YES;
				SWIFT_UPCOMING_FEATURE_MEMBER_IMPORT_VISIBILITY = YES;
				SWIFT_VERSION = 5.0;
				TARGETED_DEVICE_FAMILY = "1,2";
			};
			name = Debug;
		};
		8436426F2E195E5E00E96F25 /* Release */ = {
			isa = XCBuildConfiguration;
			buildSettings = {
				ASSETCATALOG_COMPILER_APPICON_NAME = AppIcon;
				ASSETCATALOG_COMPILER_GLOBAL_ACCENT_COLOR_NAME = AccentColor;
				CODE_SIGN_STYLE = Automatic;
				CURRENT_PROJECT_VERSION = 1;
				DEVELOPMENT_TEAM = 5B6FAS2XK6;
				ENABLE_PREVIEWS = YES;
				GENERATE_INFOPLIST_FILE = YES;
				INFOPLIST_KEY_UIApplicationSceneManifest_Generation = YES;
				INFOPLIST_KEY_UIApplicationSupportsIndirectInputEvents = YES;
				INFOPLIST_KEY_UILaunchScreen_Generation = YES;
				INFOPLIST_KEY_UISupportedInterfaceOrientations_iPad = "UIInterfaceOrientationPortrait UIInterfaceOrientationPortraitUpsideDown UIInterfaceOrientationLandscapeLeft UIInterfaceOrientationLandscapeRight";
				INFOPLIST_KEY_UISupportedInterfaceOrientations_iPhone = "UIInterfaceOrientationPortrait UIInterfaceOrientationLandscapeLeft UIInterfaceOrientationLandscapeRight";
				LD_RUNPATH_SEARCH_PATHS = (
					"$(inherited)",
					"@executable_path/Frameworks",
				);
				MARKETING_VERSION = 1.0;
				PRODUCT_BUNDLE_IDENTIFIER = Rich.VoiceBoard;
				PRODUCT_NAME = "$(TARGET_NAME)";
				STRING_CATALOG_GENERATE_SYMBOLS = YES;
				SWIFT_DEFAULT_ACTOR_ISOLATION = MainActor;
				SWIFT_EMIT_LOC_STRINGS = YES;
				SWIFT_UPCOMING_FEATURE_MEMBER_IMPORT_VISIBILITY = YES;
				SWIFT_VERSION = 5.0;
				TARGETED_DEVICE_FAMILY = "1,2";
			};
			name = Release;
		};
		8436427E2E195EA700E96F25 /* Debug */ = {
			isa = XCBuildConfiguration;
			buildSettings = {
				CODE_SIGN_STYLE = Automatic;
				CURRENT_PROJECT_VERSION = 1;
				DEVELOPMENT_TEAM = 5B6FAS2XK6;
				GENERATE_INFOPLIST_FILE = YES;
				INFOPLIST_FILE = VoiceBoardKeyboard/Info.plist;
				INFOPLIST_KEY_CFBundleDisplayName = VoiceBoardKeyboard;
				INFOPLIST_KEY_NSHumanReadableCopyright = "";
				INFOPLIST_KEY_NSMicrophoneUsageDescription = "VoiceBoard needs microphone access for dictation";
				LD_RUNPATH_SEARCH_PATHS = (
					"$(inherited)",
					"@executable_path/Frameworks",
					"@executable_path/../../Frameworks",
				);
				MARKETING_VERSION = 1.0;
				PRODUCT_BUNDLE_IDENTIFIER = Rich.VoiceBoard.VoiceBoardKeyboard;
				PRODUCT_NAME = "$(TARGET_NAME)";
				SKIP_INSTALL = YES;
				STRING_CATALOG_GENERATE_SYMBOLS = YES;
				SWIFT_EMIT_LOC_STRINGS = YES;
				SWIFT_UPCOMING_FEATURE_MEMBER_IMPORT_VISIBILITY = YES;
				SWIFT_VERSION = 5.0;
				TARGETED_DEVICE_FAMILY = "1,2";
			};
			name = Debug;
		};
		8436427F2E195EA700E96F25 /* Release */ = {
			isa = XCBuildConfiguration;
			buildSettings = {
				CODE_SIGN_STYLE = Automatic;
				CURRENT_PROJECT_VERSION = 1;
				DEVELOPMENT_TEAM = 5B6FAS2XK6;
				GENERATE_INFOPLIST_FILE = YES;
				INFOPLIST_FILE = VoiceBoardKeyboard/Info.plist;
				INFOPLIST_KEY_CFBundleDisplayName = VoiceBoardKeyboard;
				INFOPLIST_KEY_NSHumanReadableCopyright = "";
				INFOPLIST_KEY_NSMicrophoneUsageDescription = "VoiceBoard needs microphone access for dictation";
				LD_RUNPATH_SEARCH_PATHS = (
					"$(inherited)",
					"@executable_path/Frameworks",
					"@executable_path/../../Frameworks",
				);
				MARKETING_VERSION = 1.0;
				PRODUCT_BUNDLE_IDENTIFIER = Rich.VoiceBoard.VoiceBoardKeyboard;
				PRODUCT_NAME = "$(TARGET_NAME)";
				SKIP_INSTALL = YES;
				STRING_CATALOG_GENERATE_SYMBOLS = YES;
				SWIFT_EMIT_LOC_STRINGS = YES;
				SWIFT_UPCOMING_FEATURE_MEMBER_IMPORT_VISIBILITY = YES;
				SWIFT_VERSION = 5.0;
				TARGETED_DEVICE_FAMILY = "1,2";
			};
			name = Release;
		};
/* End XCBuildConfiguration section */

/* Begin XCConfigurationList section */
		8436425D2E195E5B00E96F25 /* Build configuration list for PBXProject "VoiceBoard" */ = {
			isa = XCConfigurationList;
			buildConfigurations = (
				8436426B2E195E5E00E96F25 /* Debug */,
				8436426C2E195E5E00E96F25 /* Release */,
			);
			defaultConfigurationIsVisible = 0;
			defaultConfigurationName = Release;
		};
		8436426D2E195E5E00E96F25 /* Build configuration list for PBXNativeTarget "VoiceBoard" */ = {
			isa = XCConfigurationList;
			buildConfigurations = (
				8436426E2E195E5E00E96F25 /* Debug */,
				8436426F2E195E5E00E96F25 /* Release */,
			);
			defaultConfigurationIsVisible = 0;
			defaultConfigurationName = Release;
		};
		8436427D2E195EA700E96F25 /* Build configuration list for PBXNativeTarget "VoiceBoardKeyboard" */ = {
			isa = XCConfigurationList;
			buildConfigurations = (
				8436427E2E195EA700E96F25 /* Debug */,
				8436427F2E195EA700E96F25 /* Release */,
			);
			defaultConfigurationIsVisible = 0;
			defaultConfigurationName = Release;
		};
/* End XCConfigurationList section */

/* Begin XCRemoteSwiftPackageReference section */
		843642812E195F3100E96F25 /* XCRemoteSwiftPackageReference "WhisperKit" */ = {
			isa = XCRemoteSwiftPackageReference;
			repositoryURL = "https://github.com/argmaxinc/WhisperKit.git";
			requirement = {
				branch = main;
				kind = branch;
			};
		};
/* End XCRemoteSwiftPackageReference section */

/* Begin XCSwiftPackageProductDependency section */
		843642822E195F3100E96F25 /* WhisperKit */ = {
			isa = XCSwiftPackageProductDependency;
			package = 843642812E195F3100E96F25 /* XCRemoteSwiftPackageReference "WhisperKit" */;
			productName = WhisperKit;
		};
		843642842E195F3100E96F25 /* whisperkit-cli */ = {
			isa = XCSwiftPackageProductDependency;
			package = 843642812E195F3100E96F25 /* XCRemoteSwiftPackageReference "WhisperKit" */;
			productName = "whisperkit-cli";
		};
/* End XCSwiftPackageProductDependency section */
	};
	rootObject = 8436425A2E195E5B00E96F25 /* Project object */;
}
